
Microsoft Visual Studio Solution File, Format Version 12.00
# Visual Studio Version 16
VisualStudioVersion = 16.0.31515.178
MinimumVisualStudioVersion = 10.0.40219.1
Project("{888888A0-9F3D-457C-B088-3A5042F75D52}") = "AprilTaylor_CIS261_CourseProjectPT1", "AprilTaylor_CIS261_CourseProjectPT1.pyproj", "{2F5C92AB-2571-4E1A-A41F-EDB4A279B12E}"
EndProject
Global
	GlobalSection(SolutionConfigurationPlatforms) = preSolution
		Debug|Any CPU = Debug|Any CPU
		Release|Any CPU = Release|Any CPU
	EndGlobalSection
	GlobalSection(ProjectConfigurationPlatforms) = postSolution
		{2F5C92AB-2571-4E1A-A41F-EDB4A279B12E}.Debug|Any CPU.ActiveCfg = Debug|Any CPU
		{2F5C92AB-2571-4E1A-A41F-EDB4A279B12E}.Release|Any CPU.ActiveCfg = Release|Any CPU
	EndGlobalSection
	GlobalSection(SolutionProperties) = preSolution
		HideSolutionNode = FALSE
	EndGlobalSection
	GlobalSection(ExtensibilityGlobals) = postSolution
		SolutionGuid = {4BFA32CD-F359-4CE2-A65A-0B46FB4F8CFD}
	EndGlobalSection
EndGlobal
